
Microsoft Visual Studio Solution File, Format Version 12.00
# Visual Studio Version 17
VisualStudioVersion = 17.5.33530.505
MinimumVisualStudioVersion = 10.0.40219.1
Project("{8BC9CEB8-8B4A-11D0-8D11-00A0C91BC942}") = "radix_sort", "radix_sort.vcxproj", "{06E59E2B-823A-4566-8E8A-13885756A806}"
EndProject
Global
	GlobalSection(SolutionConfigurationPlatforms) = preSolution
		Debug|x64 = Debug|x64
		Debug|x86 = Debug|x86
		Release|x64 = Release|x64
		Release|x86 = Release|x86
	EndGlobalSection
	GlobalSection(ProjectConfigurationPlatforms) = postSolution
		{06E59E2B-823A-4566-8E8A-13885756A806}.Debug|x64.ActiveCfg = Debug|x64
		{06E59E2B-823A-4566-8E8A-13885756A806}.Debug|x64.Build.0 = Debug|x64
		{06E59E2B-823A-4566-8E8A-13885756A806}.Debug|x86.ActiveCfg = Debug|Win32
		{06E59E2B-823A-4566-8E8A-13885756A806}.Debug|x86.Build.0 = Debug|Win32
		{06E59E2B-823A-4566-8E8A-13885756A806}.Release|x64.ActiveCfg = Release|x64
		{06E59E2B-823A-4566-8E8A-13885756A806}.Release|x64.Build.0 = Release|x64
		{06E59E2B-823A-4566-8E8A-13885756A806}.Release|x86.ActiveCfg = Release|Win32
		{06E59E2B-823A-4566-8E8A-13885756A806}.Release|x86.Build.0 = Release|Win32
	EndGlobalSection
	GlobalSection(SolutionProperties) = preSolution
		HideSolutionNode = FALSE
	EndGlobalSection
	GlobalSection(ExtensibilityGlobals) = postSolution
		SolutionGuid = {750163DB-4280-4E0E-ABE5-C7AAA0C48BD8}
	EndGlobalSection
EndGlobal
