
Microsoft Visual Studio Solution File, Format Version 12.00
# Visual Studio Version 17
VisualStudioVersion = 17.5.33530.505
MinimumVisualStudioVersion = 10.0.40219.1
Project("{8BC9CEB8-8B4A-11D0-8D11-00A0C91BC942}") = "12ChineseChess", "12ChineseChess.vcxproj", "{97D5F08A-7D00-4D64-8B9F-048C18D5D784}"
EndProject
Global
	GlobalSection(SolutionConfigurationPlatforms) = preSolution
		Debug|x64 = Debug|x64
		Debug|x86 = Debug|x86
		Release|x64 = Release|x64
		Release|x86 = Release|x86
	EndGlobalSection
	GlobalSection(ProjectConfigurationPlatforms) = postSolution
		{97D5F08A-7D00-4D64-8B9F-048C18D5D784}.Debug|x64.ActiveCfg = Debug|x64
		{97D5F08A-7D00-4D64-8B9F-048C18D5D784}.Debug|x64.Build.0 = Debug|x64
		{97D5F08A-7D00-4D64-8B9F-048C18D5D784}.Debug|x86.ActiveCfg = Debug|Win32
		{97D5F08A-7D00-4D64-8B9F-048C18D5D784}.Debug|x86.Build.0 = Debug|Win32
		{97D5F08A-7D00-4D64-8B9F-048C18D5D784}.Release|x64.ActiveCfg = Release|x64
		{97D5F08A-7D00-4D64-8B9F-048C18D5D784}.Release|x64.Build.0 = Release|x64
		{97D5F08A-7D00-4D64-8B9F-048C18D5D784}.Release|x86.ActiveCfg = Release|Win32
		{97D5F08A-7D00-4D64-8B9F-048C18D5D784}.Release|x86.Build.0 = Release|Win32
	EndGlobalSection
	GlobalSection(SolutionProperties) = preSolution
		HideSolutionNode = FALSE
	EndGlobalSection
	GlobalSection(ExtensibilityGlobals) = postSolution
		SolutionGuid = {BAA75EC7-8719-4F8E-9F94-7B88342C6C21}
	EndGlobalSection
EndGlobal
